
Microsoft Visual Studio Solution File, Format Version 12.00
# Visual Studio 14
VisualStudioVersion = 14.0.25420.1
MinimumVisualStudioVersion = 10.0.40219.1
Project("{8BC9CEB8-8B4A-11D0-8D11-00A0C91BC942}") = "HelloGitHub", "HelloGitHub\HelloGitHub.vcxproj", "{12EAA62D-1ABA-4074-8DEA-03C7B3172B23}"
EndProject
Project("{8BC9CEB8-8B4A-11D0-8D11-00A0C91BC942}") = "RandomEnemyGenerator", "RandomEnemyGenerator\RandomEnemyGenerator.vcxproj", "{A4CB63F1-F801-484C-B3C4-8CA7959C58D0}"
EndProject
Project("{8BC9CEB8-8B4A-11D0-8D11-00A0C91BC942}") = "TheWalkingDead2", "TheWalkingDead2\TheWalkingDead2.vcxproj", "{2F1B7615-F591-485C-A8A6-66192C2A6A3C}"
EndProject
Project("{8BC9CEB8-8B4A-11D0-8D11-00A0C91BC942}") = "DynArray", "DynArray\DynArray.vcxproj", "{4078EA7F-975A-41A1-B277-12A44FBE482B}"
EndProject
Project("{8BC9CEB8-8B4A-11D0-8D11-00A0C91BC942}") = "Vector", "Vector\Vector.vcxproj", "{F834328D-8F4F-431C-A896-D4A414648859}"
EndProject
Project("{8BC9CEB8-8B4A-11D0-8D11-00A0C91BC942}") = "Map", "Map\Map.vcxproj", "{30DC8564-0FC2-4E7C-A513-54888D165E38}"
EndProject
Project("{8BC9CEB8-8B4A-11D0-8D11-00A0C91BC942}") = "Dequeue", "Dequeue\Dequeue.vcxproj", "{2DF64EA1-D79A-45B9-909B-F31314E86F2A}"
EndProject
Project("{8BC9CEB8-8B4A-11D0-8D11-00A0C91BC942}") = "stack", "stack\stack.vcxproj", "{E3C15A48-7D50-4493-BBDE-2D955B252FF9}"
EndProject
Project("{8BC9CEB8-8B4A-11D0-8D11-00A0C91BC942}") = "conversiones", "conversiones\conversiones.vcxproj", "{9D154155-2615-432A-94C8-E128FBCFB0C4}"
EndProject
Project("{8BC9CEB8-8B4A-11D0-8D11-00A0C91BC942}") = "list", "list\list.vcxproj", "{5EC3BAF6-B8CB-4C37-892C-16066DDB7A16}"
EndProject
Global
	GlobalSection(SolutionConfigurationPlatforms) = preSolution
		Debug|Any CPU = Debug|Any CPU
		Debug|x64 = Debug|x64
		Debug|x86 = Debug|x86
		Release|Any CPU = Release|Any CPU
		Release|x64 = Release|x64
		Release|x86 = Release|x86
	EndGlobalSection
	GlobalSection(ProjectConfigurationPlatforms) = postSolution
		{12EAA62D-1ABA-4074-8DEA-03C7B3172B23}.Debug|Any CPU.ActiveCfg = Debug|Win32
		{12EAA62D-1ABA-4074-8DEA-03C7B3172B23}.Debug|x64.ActiveCfg = Debug|x64
		{12EAA62D-1ABA-4074-8DEA-03C7B3172B23}.Debug|x64.Build.0 = Debug|x64
		{12EAA62D-1ABA-4074-8DEA-03C7B3172B23}.Debug|x86.ActiveCfg = Debug|Win32
		{12EAA62D-1ABA-4074-8DEA-03C7B3172B23}.Debug|x86.Build.0 = Debug|Win32
		{12EAA62D-1ABA-4074-8DEA-03C7B3172B23}.Release|Any CPU.ActiveCfg = Release|Win32
		{12EAA62D-1ABA-4074-8DEA-03C7B3172B23}.Release|x64.ActiveCfg = Release|x64
		{12EAA62D-1ABA-4074-8DEA-03C7B3172B23}.Release|x64.Build.0 = Release|x64
		{12EAA62D-1ABA-4074-8DEA-03C7B3172B23}.Release|x86.ActiveCfg = Release|Win32
		{12EAA62D-1ABA-4074-8DEA-03C7B3172B23}.Release|x86.Build.0 = Release|Win32
		{A4CB63F1-F801-484C-B3C4-8CA7959C58D0}.Debug|Any CPU.ActiveCfg = Debug|Win32
		{A4CB63F1-F801-484C-B3C4-8CA7959C58D0}.Debug|x64.ActiveCfg = Debug|x64
		{A4CB63F1-F801-484C-B3C4-8CA7959C58D0}.Debug|x64.Build.0 = Debug|x64
		{A4CB63F1-F801-484C-B3C4-8CA7959C58D0}.Debug|x86.ActiveCfg = Debug|Win32
		{A4CB63F1-F801-484C-B3C4-8CA7959C58D0}.Debug|x86.Build.0 = Debug|Win32
		{A4CB63F1-F801-484C-B3C4-8CA7959C58D0}.Release|Any CPU.ActiveCfg = Release|Win32
		{A4CB63F1-F801-484C-B3C4-8CA7959C58D0}.Release|x64.ActiveCfg = Release|x64
		{A4CB63F1-F801-484C-B3C4-8CA7959C58D0}.Release|x64.Build.0 = Release|x64
		{A4CB63F1-F801-484C-B3C4-8CA7959C58D0}.Release|x86.ActiveCfg = Release|Win32
		{A4CB63F1-F801-484C-B3C4-8CA7959C58D0}.Release|x86.Build.0 = Release|Win32
		{2F1B7615-F591-485C-A8A6-66192C2A6A3C}.Debug|Any CPU.ActiveCfg = Debug|Win32
		{2F1B7615-F591-485C-A8A6-66192C2A6A3C}.Debug|x64.ActiveCfg = Debug|x64
		{2F1B7615-F591-485C-A8A6-66192C2A6A3C}.Debug|x64.Build.0 = Debug|x64
		{2F1B7615-F591-485C-A8A6-66192C2A6A3C}.Debug|x86.ActiveCfg = Debug|Win32
		{2F1B7615-F591-485C-A8A6-66192C2A6A3C}.Debug|x86.Build.0 = Debug|Win32
		{2F1B7615-F591-485C-A8A6-66192C2A6A3C}.Release|Any CPU.ActiveCfg = Release|Win32
		{2F1B7615-F591-485C-A8A6-66192C2A6A3C}.Release|x64.ActiveCfg = Release|x64
		{2F1B7615-F591-485C-A8A6-66192C2A6A3C}.Release|x64.Build.0 = Release|x64
		{2F1B7615-F591-485C-A8A6-66192C2A6A3C}.Release|x86.ActiveCfg = Release|Win32
		{2F1B7615-F591-485C-A8A6-66192C2A6A3C}.Release|x86.Build.0 = Release|Win32
		{4078EA7F-975A-41A1-B277-12A44FBE482B}.Debug|Any CPU.ActiveCfg = Debug|Win32
		{4078EA7F-975A-41A1-B277-12A44FBE482B}.Debug|x64.ActiveCfg = Debug|x64
		{4078EA7F-975A-41A1-B277-12A44FBE482B}.Debug|x64.Build.0 = Debug|x64
		{4078EA7F-975A-41A1-B277-12A44FBE482B}.Debug|x86.ActiveCfg = Debug|Win32
		{4078EA7F-975A-41A1-B277-12A44FBE482B}.Debug|x86.Build.0 = Debug|Win32
		{4078EA7F-975A-41A1-B277-12A44FBE482B}.Release|Any CPU.ActiveCfg = Release|Win32
		{4078EA7F-975A-41A1-B277-12A44FBE482B}.Release|x64.ActiveCfg = Release|x64
		{4078EA7F-975A-41A1-B277-12A44FBE482B}.Release|x64.Build.0 = Release|x64
		{4078EA7F-975A-41A1-B277-12A44FBE482B}.Release|x86.ActiveCfg = Release|Win32
		{4078EA7F-975A-41A1-B277-12A44FBE482B}.Release|x86.Build.0 = Release|Win32
		{F834328D-8F4F-431C-A896-D4A414648859}.Debug|Any CPU.ActiveCfg = Debug|Win32
		{F834328D-8F4F-431C-A896-D4A414648859}.Debug|x64.ActiveCfg = Debug|x64
		{F834328D-8F4F-431C-A896-D4A414648859}.Debug|x64.Build.0 = Debug|x64
		{F834328D-8F4F-431C-A896-D4A414648859}.Debug|x86.ActiveCfg = Debug|Win32
		{F834328D-8F4F-431C-A896-D4A414648859}.Debug|x86.Build.0 = Debug|Win32
		{F834328D-8F4F-431C-A896-D4A414648859}.Release|Any CPU.ActiveCfg = Release|Win32
		{F834328D-8F4F-431C-A896-D4A414648859}.Release|x64.ActiveCfg = Release|x64
		{F834328D-8F4F-431C-A896-D4A414648859}.Release|x64.Build.0 = Release|x64
		{F834328D-8F4F-431C-A896-D4A414648859}.Release|x86.ActiveCfg = Release|Win32
		{F834328D-8F4F-431C-A896-D4A414648859}.Release|x86.Build.0 = Release|Win32
		{30DC8564-0FC2-4E7C-A513-54888D165E38}.Debug|Any CPU.ActiveCfg = Debug|Win32
		{30DC8564-0FC2-4E7C-A513-54888D165E38}.Debug|x64.ActiveCfg = Debug|x64
		{30DC8564-0FC2-4E7C-A513-54888D165E38}.Debug|x64.Build.0 = Debug|x64
		{30DC8564-0FC2-4E7C-A513-54888D165E38}.Debug|x86.ActiveCfg = Debug|Win32
		{30DC8564-0FC2-4E7C-A513-54888D165E38}.Debug|x86.Build.0 = Debug|Win32
		{30DC8564-0FC2-4E7C-A513-54888D165E38}.Release|Any CPU.ActiveCfg = Release|Win32
		{30DC8564-0FC2-4E7C-A513-54888D165E38}.Release|x64.ActiveCfg = Release|x64
		{30DC8564-0FC2-4E7C-A513-54888D165E38}.Release|x64.Build.0 = Release|x64
		{30DC8564-0FC2-4E7C-A513-54888D165E38}.Release|x86.ActiveCfg = Release|Win32
		{30DC8564-0FC2-4E7C-A513-54888D165E38}.Release|x86.Build.0 = Release|Win32
		{2DF64EA1-D79A-45B9-909B-F31314E86F2A}.Debug|Any CPU.ActiveCfg = Debug|Win32
		{2DF64EA1-D79A-45B9-909B-F31314E86F2A}.Debug|x64.ActiveCfg = Debug|x64
		{2DF64EA1-D79A-45B9-909B-F31314E86F2A}.Debug|x64.Build.0 = Debug|x64
		{2DF64EA1-D79A-45B9-909B-F31314E86F2A}.Debug|x86.ActiveCfg = Debug|Win32
		{2DF64EA1-D79A-45B9-909B-F31314E86F2A}.Debug|x86.Build.0 = Debug|Win32
		{2DF64EA1-D79A-45B9-909B-F31314E86F2A}.Release|Any CPU.ActiveCfg = Release|Win32
		{2DF64EA1-D79A-45B9-909B-F31314E86F2A}.Release|x64.ActiveCfg = Release|x64
		{2DF64EA1-D79A-45B9-909B-F31314E86F2A}.Release|x64.Build.0 = Release|x64
		{2DF64EA1-D79A-45B9-909B-F31314E86F2A}.Release|x86.ActiveCfg = Release|Win32
		{2DF64EA1-D79A-45B9-909B-F31314E86F2A}.Release|x86.Build.0 = Release|Win32
		{E3C15A48-7D50-4493-BBDE-2D955B252FF9}.Debug|Any CPU.ActiveCfg = Debug|Win32
		{E3C15A48-7D50-4493-BBDE-2D955B252FF9}.Debug|x64.ActiveCfg = Debug|x64
		{E3C15A48-7D50-4493-BBDE-2D955B252FF9}.Debug|x64.Build.0 = Debug|x64
		{E3C15A48-7D50-4493-BBDE-2D955B252FF9}.Debug|x86.ActiveCfg = Debug|Win32
		{E3C15A48-7D50-4493-BBDE-2D955B252FF9}.Debug|x86.Build.0 = Debug|Win32
		{E3C15A48-7D50-4493-BBDE-2D955B252FF9}.Release|Any CPU.ActiveCfg = Release|Win32
		{E3C15A48-7D50-4493-BBDE-2D955B252FF9}.Release|x64.ActiveCfg = Release|x64
		{E3C15A48-7D50-4493-BBDE-2D955B252FF9}.Release|x64.Build.0 = Release|x64
		{E3C15A48-7D50-4493-BBDE-2D955B252FF9}.Release|x86.ActiveCfg = Release|Win32
		{E3C15A48-7D50-4493-BBDE-2D955B252FF9}.Release|x86.Build.0 = Release|Win32
		{9D154155-2615-432A-94C8-E128FBCFB0C4}.Debug|Any CPU.ActiveCfg = Debug|Win32
		{9D154155-2615-432A-94C8-E128FBCFB0C4}.Debug|x64.ActiveCfg = Debug|x64
		{9D154155-2615-432A-94C8-E128FBCFB0C4}.Debug|x64.Build.0 = Debug|x64
		{9D154155-2615-432A-94C8-E128FBCFB0C4}.Debug|x86.ActiveCfg = Debug|Win32
		{9D154155-2615-432A-94C8-E128FBCFB0C4}.Debug|x86.Build.0 = Debug|Win32
		{9D154155-2615-432A-94C8-E128FBCFB0C4}.Release|Any CPU.ActiveCfg = Release|Win32
		{9D154155-2615-432A-94C8-E128FBCFB0C4}.Release|x64.ActiveCfg = Release|x64
		{9D154155-2615-432A-94C8-E128FBCFB0C4}.Release|x64.Build.0 = Release|x64
		{9D154155-2615-432A-94C8-E128FBCFB0C4}.Release|x86.ActiveCfg = Release|Win32
		{9D154155-2615-432A-94C8-E128FBCFB0C4}.Release|x86.Build.0 = Release|Win32
		{5EC3BAF6-B8CB-4C37-892C-16066DDB7A16}.Debug|Any CPU.ActiveCfg = Debug|Win32
		{5EC3BAF6-B8CB-4C37-892C-16066DDB7A16}.Debug|x64.ActiveCfg = Debug|x64
		{5EC3BAF6-B8CB-4C37-892C-16066DDB7A16}.Debug|x64.Build.0 = Debug|x64
		{5EC3BAF6-B8CB-4C37-892C-16066DDB7A16}.Debug|x86.ActiveCfg = Debug|Win32
		{5EC3BAF6-B8CB-4C37-892C-16066DDB7A16}.Debug|x86.Build.0 = Debug|Win32
		{5EC3BAF6-B8CB-4C37-892C-16066DDB7A16}.Release|Any CPU.ActiveCfg = Release|Win32
		{5EC3BAF6-B8CB-4C37-892C-16066DDB7A16}.Release|x64.ActiveCfg = Release|x64
		{5EC3BAF6-B8CB-4C37-892C-16066DDB7A16}.Release|x64.Build.0 = Release|x64
		{5EC3BAF6-B8CB-4C37-892C-16066DDB7A16}.Release|x86.ActiveCfg = Release|Win32
		{5EC3BAF6-B8CB-4C37-892C-16066DDB7A16}.Release|x86.Build.0 = Release|Win32
	EndGlobalSection
	GlobalSection(SolutionProperties) = preSolution
		HideSolutionNode = FALSE
	EndGlobalSection
EndGlobal
